{
  "name": "browser-hello-world",
  "version": "1.0.0",
  "lockfileVersion": 2,
  "requires": true,
  "packages": {
    "": {
      "name": "browser-hello-world",
      "version": "1.0.0",
      "license": "ISC",
      "dependencies": {
        "@assemblyscript/loader": "^0.20.16"
      },
      "devDependencies": {
        "assemblyscript": "^0.20.16"
      }
    },
    "node_modules/@assemblyscript/loader": {
      "version": "0.20.16",
      "resolved": "https://registry.npmjs.org/@assemblyscript/loader/-/loader-0.20.16.tgz",
      "integrity": "sha512-Rnc3boyMFpmRtQJ9+FvVSuYYzZtlLB7UyJ9LaBSBdcMMpUKhY2NUOikh5Mz4RI/Y7KYfC9GxeYqm44xmVn6+VA=="
    },
    "node_modules/assemblyscript": {
      "version": "0.20.16",
      "resolved": "https://registry.npmjs.org/assemblyscript/-/assemblyscript-0.20.16.tgz",
      "integrity": "sha512-scwMytSJI/5DFVD2dZBvgCNF0SJ77ZtxM7wUqyyrcKB/C1wuaWgFiEU532LHBDY7+APUVMkGEfpn1+Vb97Xpdg==",
      "dev": true,
      "dependencies": {
        "binaryen": "108.0.0-nightly.20220528",
        "long": "^5.2.0"
      },
      "bin": {
        "asc": "bin/asc.js",
        "asinit": "bin/asinit.js"
      },
      "engines": {
        "node": ">=16.0.0",
        "npm": ">=7.0.0"
      },
      "funding": {
        "type": "opencollective",
        "url": "https://opencollective.com/assemblyscript"
      }
    },
    "node_modules/binaryen": {
      "version": "108.0.0-nightly.20220528",
      "resolved": "https://registry.npmjs.org/binaryen/-/binaryen-108.0.0-nightly.20220528.tgz",
      "integrity": "sha512-9biG357fx3NXmJNotIuY9agZBcCNHP7d1mgOGaTlPYVHZE7/61lt1IyHCXAL+W5jUOYgmFZ260PR4IbD19RKuA==",
      "dev": true,
      "bin": {
        "wasm-opt": "bin/wasm-opt",
        "wasm2js": "bin/wasm2js"
      }
    },
    "node_modules/long": {
      "version": "5.2.0",
      "resolved": "https://registry.npmjs.org/long/-/long-5.2.0.tgz",
      "integrity": "sha512-9RTUNjK60eJbx3uz+TEGF7fUr29ZDxR5QzXcyDpeSfeH28S9ycINflOgOlppit5U+4kNTe83KQnMEerw7GmE8w==",
      "dev": true
    }
  },
  "dependencies": {
    "@assemblyscript/loader": {
      "version": "0.20.16",
      "resolved": "https://registry.npmjs.org/@assemblyscript/loader/-/loader-0.20.16.tgz",
      "integrity": "sha512-Rnc3boyMFpmRtQJ9+FvVSuYYzZtlLB7UyJ9LaBSBdcMMpUKhY2NUOikh5Mz4RI/Y7KYfC9GxeYqm44xmVn6+VA=="
    },
    "assemblyscript": {
      "version": "0.20.16",
      "resolved": "https://registry.npmjs.org/assemblyscript/-/assemblyscript-0.20.16.tgz",
      "integrity": "sha512-scwMytSJI/5DFVD2dZBvgCNF0SJ77ZtxM7wUqyyrcKB/C1wuaWgFiEU532LHBDY7+APUVMkGEfpn1+Vb97Xpdg==",
      "dev": true,
      "requires": {
        "binaryen": "108.0.0-nightly.20220528",
        "long": "^5.2.0"
      }
    },
    "binaryen": {
      "version": "108.0.0-nightly.20220528",
      "resolved": "https://registry.npmjs.org/binaryen/-/binaryen-108.0.0-nightly.20220528.tgz",
      "integrity": "sha512-9biG357fx3NXmJNotIuY9agZBcCNHP7d1mgOGaTlPYVHZE7/61lt1IyHCXAL+W5jUOYgmFZ260PR4IbD19RKuA==",
      "dev": true
    },
    "long": {
      "version": "5.2.0",
      "resolved": "https://registry.npmjs.org/long/-/long-5.2.0.tgz",
      "integrity": "sha512-9RTUNjK60eJbx3uz+TEGF7fUr29ZDxR5QzXcyDpeSfeH28S9ycINflOgOlppit5U+4kNTe83KQnMEerw7GmE8w==",
      "dev": true
    }
  }
}
