{
  "name": "browser-hello-world",
  "lockfileVersion": 2,
  "requires": true,
  "packages": {
    "": {
      "dependencies": {
        "@grain/js-runner": "^0.5.2",
        "@grain/stdlib": "^0.5.2"
      }
    },
    "node_modules/@grain/js-runner": {
      "version": "0.5.2",
      "resolved": "https://registry.npmjs.org/@grain/js-runner/-/js-runner-0.5.2.tgz",
      "integrity": "sha512-FGtXtpgfNJC/fVbpYTh55AY/6Srvp34Q2ZyhYHSavg1ByqSPYymCLr4UeU1d+5chNp6z1seaCDVFoGsEtqmGbQ==",
      "funding": {
        "url": "https://github.com/sponsors/grain-lang"
      }
    },
    "node_modules/@grain/stdlib": {
      "version": "0.5.2",
      "resolved": "https://registry.npmjs.org/@grain/stdlib/-/stdlib-0.5.2.tgz",
      "integrity": "sha512-cxY6Gn1jWySEAChIDFEskWFOjLFEaWmRKkJjPRm8BGT3vu/cQ+yb0RIU5jbsxTio7q/EsKUwiTPhf3x+SdOooQ==",
      "engines": {
        "node": ">=16"
      },
      "funding": {
        "url": "https://github.com/sponsors/grain-lang"
      }
    }
  },
  "dependencies": {
    "@grain/js-runner": {
      "version": "0.5.2",
      "resolved": "https://registry.npmjs.org/@grain/js-runner/-/js-runner-0.5.2.tgz",
      "integrity": "sha512-FGtXtpgfNJC/fVbpYTh55AY/6Srvp34Q2ZyhYHSavg1ByqSPYymCLr4UeU1d+5chNp6z1seaCDVFoGsEtqmGbQ=="
    },
    "@grain/stdlib": {
      "version": "0.5.2",
      "resolved": "https://registry.npmjs.org/@grain/stdlib/-/stdlib-0.5.2.tgz",
      "integrity": "sha512-cxY6Gn1jWySEAChIDFEskWFOjLFEaWmRKkJjPRm8BGT3vu/cQ+yb0RIU5jbsxTio7q/EsKUwiTPhf3x+SdOooQ=="
    }
  }
}
